
Microsoft Visual Studio Solution File, Format Version 12.00
# Visual Studio Version 16
VisualStudioVersion = 16.0.30611.23
MinimumVisualStudioVersion = 10.0.40219.1
Project("{FAE04EC0-301F-11D3-BF4B-00C04F79EFBC}") = "CabInvoiceGenerator", "CabInvoiceGenerator.csproj", "{6A17056E-FD4B-4558-B09E-FFA7F21F0DC1}"
EndProject
Project("{FAE04EC0-301F-11D3-BF4B-00C04F79EFBC}") = "CabInvoiceGeneratorTest", "..\CabInvoiceGeneratorTest\CabInvoiceGeneratorTest.csproj", "{20D38504-B3DE-41FB-8A4F-8B1E29743D2C}"
EndProject
Global
	GlobalSection(SolutionConfigurationPlatforms) = preSolution
		Debug|Any CPU = Debug|Any CPU
		Release|Any CPU = Release|Any CPU
	EndGlobalSection
	GlobalSection(ProjectConfigurationPlatforms) = postSolution
		{6A17056E-FD4B-4558-B09E-FFA7F21F0DC1}.Debug|Any CPU.ActiveCfg = Debug|Any CPU
		{6A17056E-FD4B-4558-B09E-FFA7F21F0DC1}.Debug|Any CPU.Build.0 = Debug|Any CPU
		{6A17056E-FD4B-4558-B09E-FFA7F21F0DC1}.Release|Any CPU.ActiveCfg = Release|Any CPU
		{6A17056E-FD4B-4558-B09E-FFA7F21F0DC1}.Release|Any CPU.Build.0 = Release|Any CPU
		{20D38504-B3DE-41FB-8A4F-8B1E29743D2C}.Debug|Any CPU.ActiveCfg = Debug|Any CPU
		{20D38504-B3DE-41FB-8A4F-8B1E29743D2C}.Debug|Any CPU.Build.0 = Debug|Any CPU
		{20D38504-B3DE-41FB-8A4F-8B1E29743D2C}.Release|Any CPU.ActiveCfg = Release|Any CPU
		{20D38504-B3DE-41FB-8A4F-8B1E29743D2C}.Release|Any CPU.Build.0 = Release|Any CPU
	EndGlobalSection
	GlobalSection(SolutionProperties) = preSolution
		HideSolutionNode = FALSE
	EndGlobalSection
	GlobalSection(ExtensibilityGlobals) = postSolution
		SolutionGuid = {6683FC79-7F21-42CC-B539-33E8D58A3468}
	EndGlobalSection
EndGlobal
